
Microsoft Visual Studio Solution File, Format Version 12.00
# Visual Studio Version 17
VisualStudioVersion = 17.1.32421.90
MinimumVisualStudioVersion = 10.0.40219.1
Project("{FAE04EC0-301F-11D3-BF4B-00C04F79EFBC}") = "EmployeeCrudOperation_27_07", "EmployeeCrudOperation_27_07.csproj", "{A30BDECA-3833-44CE-933A-B3C3697EF03E}"
EndProject
Global
	GlobalSection(SolutionConfigurationPlatforms) = preSolution
		Debug|Any CPU = Debug|Any CPU
		Release|Any CPU = Release|Any CPU
	EndGlobalSection
	GlobalSection(ProjectConfigurationPlatforms) = postSolution
		{A30BDECA-3833-44CE-933A-B3C3697EF03E}.Debug|Any CPU.ActiveCfg = Debug|Any CPU
		{A30BDECA-3833-44CE-933A-B3C3697EF03E}.Debug|Any CPU.Build.0 = Debug|Any CPU
		{A30BDECA-3833-44CE-933A-B3C3697EF03E}.Release|Any CPU.ActiveCfg = Release|Any CPU
		{A30BDECA-3833-44CE-933A-B3C3697EF03E}.Release|Any CPU.Build.0 = Release|Any CPU
	EndGlobalSection
	GlobalSection(SolutionProperties) = preSolution
		HideSolutionNode = FALSE
	EndGlobalSection
	GlobalSection(ExtensibilityGlobals) = postSolution
		SolutionGuid = {95901A1C-F614-47BD-BAEB-21807D270DBD}
	EndGlobalSection
EndGlobal
